
Microsoft Visual Studio Solution File, Format Version 12.00
# Visual Studio Version 16
VisualStudioVersion = 16.0.33130.400
MinimumVisualStudioVersion = 10.0.40219.1
Project("{FAE04EC0-301F-11D3-BF4B-00C04F79EFBC}") = "BookApi", "BookApi\BookApi.csproj", "{31108232-6887-411B-9B51-1C18AE799482}"
EndProject
Global
	GlobalSection(SolutionConfigurationPlatforms) = preSolution
		Debug|Any CPU = Debug|Any CPU
		Release|Any CPU = Release|Any CPU
	EndGlobalSection
	GlobalSection(ProjectConfigurationPlatforms) = postSolution
		{31108232-6887-411B-9B51-1C18AE799482}.Debug|Any CPU.ActiveCfg = Debug|Any CPU
		{31108232-6887-411B-9B51-1C18AE799482}.Debug|Any CPU.Build.0 = Debug|Any CPU
		{31108232-6887-411B-9B51-1C18AE799482}.Release|Any CPU.ActiveCfg = Release|Any CPU
		{31108232-6887-411B-9B51-1C18AE799482}.Release|Any CPU.Build.0 = Release|Any CPU
	EndGlobalSection
	GlobalSection(SolutionProperties) = preSolution
		HideSolutionNode = FALSE
	EndGlobalSection
	GlobalSection(ExtensibilityGlobals) = postSolution
		SolutionGuid = {7F075A86-6E74-4ED3-85AF-11409C7CD34B}
	EndGlobalSection
EndGlobal
